
Microsoft Visual Studio Solution File, Format Version 12.00
# Visual Studio 14
VisualStudioVersion = 14.0.25420.1
MinimumVisualStudioVersion = 10.0.40219.1
Project("{FAE04EC0-301F-11D3-BF4B-00C04F79EFBC}") = "Callbags", "Callbags\Callbags.csproj", "{6500634D-47C3-4FCE-A4D0-703AB1924579}"
EndProject
Project("{FAE04EC0-301F-11D3-BF4B-00C04F79EFBC}") = "CallbagsTests", "CallbagsTests\CallbagsTests.csproj", "{5874A6AC-B970-48DC-B158-977CB09D0ACD}"
EndProject
Global
	GlobalSection(SolutionConfigurationPlatforms) = preSolution
		Debug|Any CPU = Debug|Any CPU
		Release|Any CPU = Release|Any CPU
	EndGlobalSection
	GlobalSection(ProjectConfigurationPlatforms) = postSolution
		{6500634D-47C3-4FCE-A4D0-703AB1924579}.Debug|Any CPU.ActiveCfg = Debug|Any CPU
		{6500634D-47C3-4FCE-A4D0-703AB1924579}.Debug|Any CPU.Build.0 = Debug|Any CPU
		{6500634D-47C3-4FCE-A4D0-703AB1924579}.Release|Any CPU.ActiveCfg = Release|Any CPU
		{6500634D-47C3-4FCE-A4D0-703AB1924579}.Release|Any CPU.Build.0 = Release|Any CPU
		{5874A6AC-B970-48DC-B158-977CB09D0ACD}.Debug|Any CPU.ActiveCfg = Debug|Any CPU
		{5874A6AC-B970-48DC-B158-977CB09D0ACD}.Debug|Any CPU.Build.0 = Debug|Any CPU
		{5874A6AC-B970-48DC-B158-977CB09D0ACD}.Release|Any CPU.ActiveCfg = Release|Any CPU
		{5874A6AC-B970-48DC-B158-977CB09D0ACD}.Release|Any CPU.Build.0 = Release|Any CPU
	EndGlobalSection
	GlobalSection(SolutionProperties) = preSolution
		HideSolutionNode = FALSE
	EndGlobalSection
EndGlobal
